### YamlMime:ManagedReference
items:
- uid: Microsoft.JScript.Block
  id: Block
  children: []
  langs:
  - csharp
  name: Block
  nameWithType: Block
  fullName: Microsoft.JScript.Block
  type: Class
  summary: "Reprezentuje blok w języku JScript. Ta klasa jest używana głównie przez <xref href=&quot;Microsoft.JScript.JSParser&quot;> </xref> do tworzenia obiektów blok po przeanalizowaniu kodu. Ta klasa należy do kategorii drzewa składni abstrakcyjnej."
  syntax:
    content: 'public sealed class Block : Microsoft.JScript.AST'
  inheritance:
  - System.Object
  - Microsoft.JScript.AST
  implements: []
  inheritedMembers: []
  platform:
  - net462
references:
- uid: Microsoft.JScript.AST
  isExternal: false
  name: Microsoft.JScript.AST
